
Microsoft Visual Studio Solution File, Format Version 12.00
# Visual Studio Version 17
VisualStudioVersion = 17.14.36327.8 d17.14
MinimumVisualStudioVersion = 10.0.40219.1
Project("{FAE04EC0-301F-11D3-BF4B-00C04F79EFBC}") = "TrinhDuyet", "TrinhDuyet.csproj", "{68FB5625-B937-4E33-BD6C-AC518D35F778}"
EndProject
Global
	GlobalSection(SolutionConfigurationPlatforms) = preSolution
		Debug|Any CPU = Debug|Any CPU
		Release|Any CPU = Release|Any CPU
	EndGlobalSection
	GlobalSection(ProjectConfigurationPlatforms) = postSolution
		{68FB5625-B937-4E33-BD6C-AC518D35F778}.Debug|Any CPU.ActiveCfg = Debug|Any CPU
		{68FB5625-B937-4E33-BD6C-AC518D35F778}.Debug|Any CPU.Build.0 = Debug|Any CPU
		{68FB5625-B937-4E33-BD6C-AC518D35F778}.Release|Any CPU.ActiveCfg = Release|Any CPU
		{68FB5625-B937-4E33-BD6C-AC518D35F778}.Release|Any CPU.Build.0 = Release|Any CPU
	EndGlobalSection
	GlobalSection(SolutionProperties) = preSolution
		HideSolutionNode = FALSE
	EndGlobalSection
	GlobalSection(ExtensibilityGlobals) = postSolution
		SolutionGuid = {FEA27C0F-AD11-4961-BFFA-B791654CC531}
	EndGlobalSection
EndGlobal
